
Microsoft Visual Studio Solution File, Format Version 12.00
# Visual Studio Version 16
VisualStudioVersion = 16.0.30413.136
MinimumVisualStudioVersion = 10.0.40219.1
Project("{FAE04EC0-301F-11D3-BF4B-00C04F79EFBC}") = "eSmartBanker", "eSmartBanker\eSmartBanker.csproj", "{EF47B201-9473-48D8-A535-0A1F174BCC83}"
EndProject
Global
	GlobalSection(SolutionConfigurationPlatforms) = preSolution
		Debug|Any CPU = Debug|Any CPU
		Release|Any CPU = Release|Any CPU
	EndGlobalSection
	GlobalSection(ProjectConfigurationPlatforms) = postSolution
		{EF47B201-9473-48D8-A535-0A1F174BCC83}.Debug|Any CPU.ActiveCfg = Debug|Any CPU
		{EF47B201-9473-48D8-A535-0A1F174BCC83}.Debug|Any CPU.Build.0 = Debug|Any CPU
		{EF47B201-9473-48D8-A535-0A1F174BCC83}.Release|Any CPU.ActiveCfg = Release|Any CPU
		{EF47B201-9473-48D8-A535-0A1F174BCC83}.Release|Any CPU.Build.0 = Release|Any CPU
	EndGlobalSection
	GlobalSection(SolutionProperties) = preSolution
		HideSolutionNode = FALSE
	EndGlobalSection
	GlobalSection(ExtensibilityGlobals) = postSolution
		SolutionGuid = {8E338BEC-9A39-4027-A707-D3D176CFA11B}
	EndGlobalSection
EndGlobal
